{
  "name": "typescript",
  "version": "1.0.0",
  "lockfileVersion": 1,
  "requires": true,
  "dependencies": {
    "@types/lodash": {
      "version": "4.14.93",
      "resolved": "https://registry.npmjs.org/@types/lodash/-/lodash-4.14.93.tgz",
      "integrity": "sha512-xI9Il9Fqxse5hSh6bVwowEC5RXyEVJ2hssRJXANU70H/+NlirvsNi87JjvGMxtn6yTemyUPkkzSl9SCKFW4U3g==",
      "dev": true
    },
    "lodash": {
      "version": "4.14.2",
      "resolved": "https://registry.npmjs.org/lodash/-/lodash-4.14.2.tgz",
      "integrity": "sha1-u8zOY3OkAPv9CoxnykL20e9BZDI="
    }
  }
}
